
Microsoft Visual Studio Solution File, Format Version 12.00
# Visual Studio Version 16
VisualStudioVersion = 16.0.31515.178
MinimumVisualStudioVersion = 10.0.40219.1
Project("{9A19103F-16F7-4668-BE54-9A1E7A4F7556}") = "CoinConstraint.Server", "CoinConstraint.Server\CoinConstraint.Server.csproj", "{ADF931E0-417C-40C2-9613-1FFBEBC46054}"
EndProject
Project("{9A19103F-16F7-4668-BE54-9A1E7A4F7556}") = "CoinConstraint.Client", "CoinConstraint.Client\CoinConstraint.Client.csproj", "{94B7EC09-AB8B-4DAF-9DEC-7FB7A512C463}"
EndProject
Project("{FAE04EC0-301F-11D3-BF4B-00C04F79EFBC}") = "CoinConstraint.Domain", "CoinConstraint.Domain\CoinConstraint.Domain.csproj", "{849972CF-C9C4-48B9-95CD-F56718EB4337}"
EndProject
Project("{9A19103F-16F7-4668-BE54-9A1E7A4F7556}") = "CoinConstraint.Server.Infrastructure", "CoinConstraint.Server.Infrastructure\CoinConstraint.Server.Infrastructure.csproj", "{0DBE9F02-B31F-4A07-909D-06E0697F7EC2}"
EndProject
Project("{9A19103F-16F7-4668-BE54-9A1E7A4F7556}") = "CoinConstraint.Application", "CoinConstraint.Application\CoinConstraint.Application.csproj", "{38511A20-D170-4608-A605-690A6AE719AD}"
EndProject
Project("{9A19103F-16F7-4668-BE54-9A1E7A4F7556}") = "CoinConstraint.Client.Infrastructure", "CoinConstraint.Client.Infrastructure\CoinConstraint.Client.Infrastructure.csproj", "{250A2F2E-B7A1-4C44-AF15-239706966C65}"
EndProject
Global
	GlobalSection(SolutionConfigurationPlatforms) = preSolution
		Debug|Any CPU = Debug|Any CPU
		Release|Any CPU = Release|Any CPU
	EndGlobalSection
	GlobalSection(ProjectConfigurationPlatforms) = postSolution
		{ADF931E0-417C-40C2-9613-1FFBEBC46054}.Debug|Any CPU.ActiveCfg = Debug|Any CPU
		{ADF931E0-417C-40C2-9613-1FFBEBC46054}.Debug|Any CPU.Build.0 = Debug|Any CPU
		{ADF931E0-417C-40C2-9613-1FFBEBC46054}.Release|Any CPU.ActiveCfg = Release|Any CPU
		{ADF931E0-417C-40C2-9613-1FFBEBC46054}.Release|Any CPU.Build.0 = Release|Any CPU
		{94B7EC09-AB8B-4DAF-9DEC-7FB7A512C463}.Debug|Any CPU.ActiveCfg = Debug|Any CPU
		{94B7EC09-AB8B-4DAF-9DEC-7FB7A512C463}.Debug|Any CPU.Build.0 = Debug|Any CPU
		{94B7EC09-AB8B-4DAF-9DEC-7FB7A512C463}.Release|Any CPU.ActiveCfg = Release|Any CPU
		{94B7EC09-AB8B-4DAF-9DEC-7FB7A512C463}.Release|Any CPU.Build.0 = Release|Any CPU
		{849972CF-C9C4-48B9-95CD-F56718EB4337}.Debug|Any CPU.ActiveCfg = Debug|Any CPU
		{849972CF-C9C4-48B9-95CD-F56718EB4337}.Debug|Any CPU.Build.0 = Debug|Any CPU
		{849972CF-C9C4-48B9-95CD-F56718EB4337}.Release|Any CPU.ActiveCfg = Release|Any CPU
		{849972CF-C9C4-48B9-95CD-F56718EB4337}.Release|Any CPU.Build.0 = Release|Any CPU
		{0DBE9F02-B31F-4A07-909D-06E0697F7EC2}.Debug|Any CPU.ActiveCfg = Debug|Any CPU
		{0DBE9F02-B31F-4A07-909D-06E0697F7EC2}.Debug|Any CPU.Build.0 = Debug|Any CPU
		{0DBE9F02-B31F-4A07-909D-06E0697F7EC2}.Release|Any CPU.ActiveCfg = Release|Any CPU
		{0DBE9F02-B31F-4A07-909D-06E0697F7EC2}.Release|Any CPU.Build.0 = Release|Any CPU
		{38511A20-D170-4608-A605-690A6AE719AD}.Debug|Any CPU.ActiveCfg = Debug|Any CPU
		{38511A20-D170-4608-A605-690A6AE719AD}.Debug|Any CPU.Build.0 = Debug|Any CPU
		{38511A20-D170-4608-A605-690A6AE719AD}.Release|Any CPU.ActiveCfg = Release|Any CPU
		{38511A20-D170-4608-A605-690A6AE719AD}.Release|Any CPU.Build.0 = Release|Any CPU
		{250A2F2E-B7A1-4C44-AF15-239706966C65}.Debug|Any CPU.ActiveCfg = Debug|Any CPU
		{250A2F2E-B7A1-4C44-AF15-239706966C65}.Debug|Any CPU.Build.0 = Debug|Any CPU
		{250A2F2E-B7A1-4C44-AF15-239706966C65}.Release|Any CPU.ActiveCfg = Release|Any CPU
		{250A2F2E-B7A1-4C44-AF15-239706966C65}.Release|Any CPU.Build.0 = Release|Any CPU
	EndGlobalSection
	GlobalSection(SolutionProperties) = preSolution
		HideSolutionNode = FALSE
	EndGlobalSection
	GlobalSection(ExtensibilityGlobals) = postSolution
		SolutionGuid = {7B4FEFA1-DE00-4458-A8A5-2C468D2A0E3E}
	EndGlobalSection
EndGlobal
